
Microsoft Visual Studio Solution File, Format Version 12.00
# Visual Studio Version 17
VisualStudioVersion = 17.3.33027.108
MinimumVisualStudioVersion = 10.0.40219.1
Project("{9A19103F-16F7-4668-BE54-9A1E7A4F7556}") = "zooplusplus", "zooplusplus\zooplusplus.csproj", "{90C7C37B-0B0B-4D57-9B59-C89FFB74ED8F}"
EndProject
Project("{9A19103F-16F7-4668-BE54-9A1E7A4F7556}") = "zooplusplus-cli", "zooplusplus-cli\zooplusplus-cli.csproj", "{A3E2819F-80DA-470D-8301-42EEAEAD55BD}"
EndProject
Global
	GlobalSection(SolutionConfigurationPlatforms) = preSolution
		Debug|Any CPU = Debug|Any CPU
		Release|Any CPU = Release|Any CPU
	EndGlobalSection
	GlobalSection(ProjectConfigurationPlatforms) = postSolution
		{90C7C37B-0B0B-4D57-9B59-C89FFB74ED8F}.Debug|Any CPU.ActiveCfg = Debug|Any CPU
		{90C7C37B-0B0B-4D57-9B59-C89FFB74ED8F}.Debug|Any CPU.Build.0 = Debug|Any CPU
		{90C7C37B-0B0B-4D57-9B59-C89FFB74ED8F}.Release|Any CPU.ActiveCfg = Release|Any CPU
		{90C7C37B-0B0B-4D57-9B59-C89FFB74ED8F}.Release|Any CPU.Build.0 = Release|Any CPU
		{A3E2819F-80DA-470D-8301-42EEAEAD55BD}.Debug|Any CPU.ActiveCfg = Debug|Any CPU
		{A3E2819F-80DA-470D-8301-42EEAEAD55BD}.Debug|Any CPU.Build.0 = Debug|Any CPU
		{A3E2819F-80DA-470D-8301-42EEAEAD55BD}.Release|Any CPU.ActiveCfg = Release|Any CPU
		{A3E2819F-80DA-470D-8301-42EEAEAD55BD}.Release|Any CPU.Build.0 = Release|Any CPU
	EndGlobalSection
	GlobalSection(SolutionProperties) = preSolution
		HideSolutionNode = FALSE
	EndGlobalSection
	GlobalSection(ExtensibilityGlobals) = postSolution
		SolutionGuid = {DF6E978B-7CF9-4C6B-B6DC-E55457365B06}
	EndGlobalSection
EndGlobal
